{
  "name": "trace_analyzer",
  "lockfileVersion": 3,
  "requires": true,
  "packages": {
    "": {
      "devDependencies": {
        "@types/d3": "6.7.8"
      }
    },
    "node_modules/@types/d3": {
      "version": "6.7.8",
      "resolved": "https://registry.npmjs.org/@types/d3/-/d3-6.7.8.tgz",
      "integrity": "sha512-hlPt5L0wvDzeZx9VfLdgLJ3Yr+/bAWY0ECjN88Grx7EZaDHKui+2YZXGMB2IMZMerJM+WLwoZ5pOTPHSutGEEw==",
      "dev": true,
      "license": "MIT",
      "dependencies": {
        "@types/d3-array": "^2",
        "@types/d3-axis": "^2",
        "@types/d3-brush": "^2",
        "@types/d3-chord": "^2",
        "@types/d3-color": "^2",
        "@types/d3-contour": "^2",
        "@types/d3-delaunay": "^5",
        "@types/d3-dispatch": "^2",
        "@types/d3-drag": "^2",
        "@types/d3-dsv": "^2",
        "@types/d3-ease": "^2",
        "@types/d3-fetch": "^2",
        "@types/d3-force": "^2",
        "@types/d3-format": "^2",
        "@types/d3-geo": "^2",
        "@types/d3-hierarchy": "^2",
        "@types/d3-interpolate": "^2",
        "@types/d3-path": "^2",
        "@types/d3-polygon": "^2",
        "@types/d3-quadtree": "^2",
        "@types/d3-random": "^2",
        "@types/d3-scale": "^3",
        "@types/d3-scale-chromatic": "^2",
        "@types/d3-selection": "^2",
        "@types/d3-shape": "^2",
        "@types/d3-time": "^2",
        "@types/d3-time-format": "^3",
        "@types/d3-timer": "^2",
        "@types/d3-transition": "^2",
        "@types/d3-zoom": "^2"
      }
    },
    "node_modules/@types/d3-array": {
      "version": "2.12.8",
      "resolved": "https://registry.npmjs.org/@types/d3-array/-/d3-array-2.12.8.tgz",
      "integrity": "sha512-k+ozvEjpOc1etEyZYq/HnUtuuXuhc5OWgD2Dfvo1eLvuDTq3X2S+t8CaqNMzYxeGB6zhrQt+h8Lh8psRs3wMCA==",
      "dev": true,
      "license": "MIT"
    },
    "node_modules/@types/d3-axis": {
      "version": "2.1.6",
      "resolved": "https://registry.npmjs.org/@types/d3-axis/-/d3-axis-2.1.6.tgz",
      "integrity": "sha512-X/CazlQun7XcSbRhaxwr605neUIGiUeURvsOGAIdvH1nD6o25pzkdxPNe7XcTKyRJeShlubjsUEG9tNeZZdRaQ==",
      "dev": true,
      "license": "MIT",
      "dependencies": {
        "@types/d3-selection": "^2"
      }
    },
    "node_modules/@types/d3-brush": {
      "version": "2.1.5",
      "resolved": "https://registry.npmjs.org/@types/d3-brush/-/d3-brush-2.1.5.tgz",
      "integrity": "sha512-ycizd1l+vIceUIO+JA6HAjivlXSGlDbqKXe4Q8cjUPtY/NMkz6CvpcBqzLPRa9iMDqRnUQHwSIEakb0sX+PM2A==",
      "dev": true,
      "license": "MIT",
      "dependencies": {
        "@types/d3-selection": "^2"
      }
    },
    "node_modules/@types/d3-chord": {
      "version": "2.0.6",
      "resolved": "https://registry.npmjs.org/@types/d3-chord/-/d3-chord-2.0.6.tgz",
      "integrity": "sha512-PTZyfJ7z9Ttl7joKRfyBl0icMYAMRj4n5trsE9Iinipp8Fe0DlwK6xwboWWMTEaj6Vzko68brnpvpoDl4qAKwA==",
      "dev": true,
      "license": "MIT"
    },
    "node_modules/@types/d3-color": {
      "version": "2.0.6",
      "resolved": "https://registry.npmjs.org/@types/d3-color/-/d3-color-2.0.6.tgz",
      "integrity": "sha512-tbaFGDmJWHqnenvk3QGSvD3RVwr631BjKRD7Sc7VLRgrdX5mk5hTyoeBL6rXZaeoXzmZwIl1D2HPogEdt1rHBg==",
      "dev": true,
      "license": "MIT"
    },
    "node_modules/@types/d3-contour": {
      "version": "2.0.7",
      "resolved": "https://registry.npmjs.org/@types/d3-contour/-/d3-contour-2.0.7.tgz",
      "integrity": "sha512-oJNOYtQzKY+04lhEr4aTnW2IrCVK5jiF2YMJf687HV5dIGsOgM8Xc15uSuu9zu4FYOJJ/FTqVaspHFR9pxVNTg==",
      "dev": true,
      "license": "MIT",
      "dependencies": {
        "@types/d3-array": "^2",
        "@types/geojson": "*"
      }
    },
    "node_modules/@types/d3-delaunay": {
      "version": "5.3.4",
      "resolved": "https://registry.npmjs.org/@types/d3-delaunay/-/d3-delaunay-5.3.4.tgz",
      "integrity": "sha512-GEQuDXVKQvHulQ+ecKyCubOmVjXrifAj7VR26rWVAER/IbWemaT/Tmo84ESiTtoDghg5ILdMZH7pYXQEt/Vu9A==",
      "dev": true,
      "license": "MIT"
    },
    "node_modules/@types/d3-dispatch": {
      "version": "2.0.4",
      "resolved": "https://registry.npmjs.org/@types/d3-dispatch/-/d3-dispatch-2.0.4.tgz",
      "integrity": "sha512-63uJJO3Eflu1tYXjD+Gmkk5Bc/ribIWyCnOfAY+WB9ihBw7Tdd1IRKZ34ASxy+Dzlg+lOT5+ZHCSZw0V+UNAEQ==",
      "dev": true,
      "license": "MIT"
    },
    "node_modules/@types/d3-drag": {
      "version": "2.0.5",
      "resolved": "https://registry.npmjs.org/@types/d3-drag/-/d3-drag-2.0.5.tgz",
      "integrity": "sha512-VbvN7t3TelH6R0cKVXkOXmDiC7pRhtoodiPZ94p0n9TayGqg0Z/5vSxsPelVsZyVzloEo2kdZ7BO1n9ezWux+w==",
      "dev": true,
      "license": "MIT",
      "dependencies": {
        "@types/d3-selection": "^2"
      }
    },
    "node_modules/@types/d3-dsv": {
      "version": "2.0.9",
      "resolved": "https://registry.npmjs.org/@types/d3-dsv/-/d3-dsv-2.0.9.tgz",
      "integrity": "sha512-mjbmiSz8p7rCCyan4Ai6Rxqtp4MW447RfyKPfE1VaFl61l/nkLsFObF26X279eQMjHqGKDI2kdx26qEdkLAVBQ==",
      "dev": true,
      "license": "MIT"
    },
    "node_modules/@types/d3-ease": {
      "version": "2.0.4",
      "resolved": "https://registry.npmjs.org/@types/d3-ease/-/d3-ease-2.0.4.tgz",
      "integrity": "sha512-DGh1MzShlCPTTau4+C8JLJjKt9sT9LgGZokYFx8fSxy+Z6fHns/Lc+lwTc4owuq8FwCDg7Mw2/mp0G8S5DBm7Q==",
      "dev": true,
      "license": "MIT"
    },
    "node_modules/@types/d3-fetch": {
      "version": "2.0.5",
      "resolved": "https://registry.npmjs.org/@types/d3-fetch/-/d3-fetch-2.0.5.tgz",
      "integrity": "sha512-azKhvVVUbAK6sJy22b9t8TtsGmPlauU9aGVLSP5cGYSWMCbtMRf3nGz58Eu+UgP1u3VEK+12JVc4HB1MMeVaSg==",
      "dev": true,
      "license": "MIT",
      "dependencies": {
        "@types/d3-dsv": "^2"
      }
    },
    "node_modules/@types/d3-force": {
      "version": "2.1.7",
      "resolved": "https://registry.npmjs.org/@types/d3-force/-/d3-force-2.1.7.tgz",
      "integrity": "sha512-x5pvWw0HUBrcpMaMOd70ICEL27gOeC9hyhilTc+OP+4tErgEg3w+fZWA475eTrG7gi8BB0TNdfGRprpy09Vo9A==",
      "dev": true,
      "license": "MIT"
    },
    "node_modules/@types/d3-format": {
      "version": "2.0.5",
      "resolved": "https://registry.npmjs.org/@types/d3-format/-/d3-format-2.0.5.tgz",
      "integrity": "sha512-ntJZQfz4BK8m53vkUVk+3PE7PHr9esrfVkClxebcMNP/4N1F0rPdzv9hKNqx2gZBRHSYg1kQumeUDIrHDpQGwQ==",
      "dev": true,
      "license": "MIT"
    },
    "node_modules/@types/d3-geo": {
      "version": "2.0.7",
      "resolved": "https://registry.npmjs.org/@types/d3-geo/-/d3-geo-2.0.7.tgz",
      "integrity": "sha512-RIXlxPdxvX+LAZFv+t78CuYpxYag4zuw9mZc+AwfB8tZpKU90rMEn2il2ADncmeZlb7nER9dDsJpRisA3lRvjA==",
      "dev": true,
      "license": "MIT",
      "dependencies": {
        "@types/geojson": "*"
      }
    },
    "node_modules/@types/d3-hierarchy": {
      "version": "2.0.5",
      "resolved": "https://registry.npmjs.org/@types/d3-hierarchy/-/d3-hierarchy-2.0.5.tgz",
      "integrity": "sha512-t/xXqB6MXT6Hp0BgFV00ZonpZbs9fUtYPM3QzqOlmghefovpnnxEN7mAdUqE/mNinRI/eR8gewDAobFJA0TNBw==",
      "dev": true,
      "license": "MIT"
    },
    "node_modules/@types/d3-interpolate": {
      "version": "2.0.5",
      "resolved": "https://registry.npmjs.org/@types/d3-interpolate/-/d3-interpolate-2.0.5.tgz",
      "integrity": "sha512-UINE41RDaUMbulp+bxQMDnhOi51rh5lA2dG+dWZU0UY/IwQiG/u2x8TfnWYU9+xwGdXsJoAvrBYUEQl0r91atg==",
      "dev": true,
      "license": "MIT",
      "dependencies": {
        "@types/d3-color": "^2"
      }
    },
    "node_modules/@types/d3-path": {
      "version": "2.0.4",
      "resolved": "https://registry.npmjs.org/@types/d3-path/-/d3-path-2.0.4.tgz",
      "integrity": "sha512-jjZVLBjEX4q6xneKMmv62UocaFJFOTQSb/1aTzs3m3ICTOFoVaqGBHpNLm/4dVi0/FTltfBKgmOK1ECj3/gGjA==",
      "dev": true,
      "license": "MIT"
    },
    "node_modules/@types/d3-polygon": {
      "version": "2.0.3",
      "resolved": "https://registry.npmjs.org/@types/d3-polygon/-/d3-polygon-2.0.3.tgz",
      "integrity": "sha512-4hwYYp/KDSNDdBFhf08SifGD7YJgMyUuDulnMsAGVi9X2w5QvdB47wlXMiJr+rdiBKALMq3VJ/i8qKy9gUzCbg==",
      "dev": true,
      "license": "MIT"
    },
    "node_modules/@types/d3-quadtree": {
      "version": "2.0.6",
      "resolved": "https://registry.npmjs.org/@types/d3-quadtree/-/d3-quadtree-2.0.6.tgz",
      "integrity": "sha512-PsbDucsVzy1tSX+y9MEqosOk3gChbolcw7QWdR87Bo/T1iwjZg8AZ0E8d1swxsNBt7cAKF/ISk0SDJNd95bMMw==",
      "dev": true,
      "license": "MIT"
    },
    "node_modules/@types/d3-random": {
      "version": "2.2.3",
      "resolved": "https://registry.npmjs.org/@types/d3-random/-/d3-random-2.2.3.tgz",
      "integrity": "sha512-Ghs4R3CcgJ3o6svszRzIH4b8PPYex/COo+rhhZjDAs+bVducXwjmVSi27WcDOaLLCBV2t3tfVH9bYXAL76IvQA==",
      "dev": true,
      "license": "MIT"
    },
    "node_modules/@types/d3-scale": {
      "version": "3.3.5",
      "resolved": "https://registry.npmjs.org/@types/d3-scale/-/d3-scale-3.3.5.tgz",
      "integrity": "sha512-YOpKj0kIEusRf7ofeJcSZQsvKbnTwpe1DUF+P2qsotqG53kEsjm7EzzliqQxMkAWdkZcHrg5rRhB4JiDOQPX+A==",
      "dev": true,
      "license": "MIT",
      "dependencies": {
        "@types/d3-time": "^2"
      }
    },
    "node_modules/@types/d3-scale-chromatic": {
      "version": "2.0.4",
      "resolved": "https://registry.npmjs.org/@types/d3-scale-chromatic/-/d3-scale-chromatic-2.0.4.tgz",
      "integrity": "sha512-OUgfg6wmoZVhs0/pV8HZhsMw7pYJnS6smfNK2S5ogMaPHfDUaTMu7JA5ssZrRupwf2vWI+haPAuUpsz+M1BOKA==",
      "dev": true,
      "license": "MIT"
    },
    "node_modules/@types/d3-selection": {
      "version": "2.0.5",
      "resolved": "https://registry.npmjs.org/@types/d3-selection/-/d3-selection-2.0.5.tgz",
      "integrity": "sha512-71BorcY0yXl12S7lvb01JdaN9TpeUHBDb4RRhSq8U8BEkX/nIk5p7Byho+ZRTsx5nYLMpAbY3qt5EhqFzfGJlw==",
      "dev": true,
      "license": "MIT"
    },
    "node_modules/@types/d3-shape": {
      "version": "2.1.7",
      "resolved": "https://registry.npmjs.org/@types/d3-shape/-/d3-shape-2.1.7.tgz",
      "integrity": "sha512-HedHlfGHdwzKqX9+PiQVXZrdmGlwo7naoefJP7kCNk4Y7qcpQt1tUaoRa6qn0kbTdlaIHGO7111qLtb/6J8uuw==",
      "dev": true,
      "license": "MIT",
      "dependencies": {
        "@types/d3-path": "^2"
      }
    },
    "node_modules/@types/d3-time": {
      "version": "2.1.4",
      "resolved": "https://registry.npmjs.org/@types/d3-time/-/d3-time-2.1.4.tgz",
      "integrity": "sha512-BTfLsxTeo7yFxI/haOOf1ZwJ6xKgQLT9dCp+EcmQv87Gox6X+oKl4mLKfO6fnWm3P22+A6DknMNEZany8ql2Rw==",
      "dev": true,
      "license": "MIT"
    },
    "node_modules/@types/d3-time-format": {
      "version": "3.0.4",
      "resolved": "https://registry.npmjs.org/@types/d3-time-format/-/d3-time-format-3.0.4.tgz",
      "integrity": "sha512-or9DiDnYI1h38J9hxKEsw513+KVuFbEVhl7qdxcaudoiqWWepapUen+2vAriFGexr6W5+P4l9+HJrB39GG+oRg==",
      "dev": true,
      "license": "MIT"
    },
    "node_modules/@types/d3-timer": {
      "version": "2.0.3",
      "resolved": "https://registry.npmjs.org/@types/d3-timer/-/d3-timer-2.0.3.tgz",
      "integrity": "sha512-jhAJzaanK5LqyLQ50jJNIrB8fjL9gwWZTgYjevPvkDLMU+kTAZkYsobI59nYoeSrH1PucuyJEi247Pb90t6XUg==",
      "dev": true,
      "license": "MIT"
    },
    "node_modules/@types/d3-transition": {
      "version": "2.0.6",
      "resolved": "https://registry.npmjs.org/@types/d3-transition/-/d3-transition-2.0.6.tgz",
      "integrity": "sha512-bbqOUh3Jcd9NmUxGLPqlynhNgwJO/Ic1kWl00k1IJ3vAxMYmrczi8kzlAL3UPCBmtiGN4B/2tATkbLDYZzyHww==",
      "dev": true,
      "license": "MIT",
      "dependencies": {
        "@types/d3-selection": "^2"
      }
    },
    "node_modules/@types/d3-zoom": {
      "version": "2.0.7",
      "resolved": "https://registry.npmjs.org/@types/d3-zoom/-/d3-zoom-2.0.7.tgz",
      "integrity": "sha512-JWke4E8ZyrKUQ68ESTWSK16fVb0OYnaiJ+WXJRYxKLn4aXU0o4CLYxMWBEiouUfO3TTCoyroOrGPcBG6u1aAxA==",
      "dev": true,
      "license": "MIT",
      "dependencies": {
        "@types/d3-interpolate": "^2",
        "@types/d3-selection": "^2"
      }
    },
    "node_modules/@types/geojson": {
      "version": "7946.0.16",
      "resolved": "https://registry.npmjs.org/@types/geojson/-/geojson-7946.0.16.tgz",
      "integrity": "sha512-6C8nqWur3j98U6+lXDfTUWIfgvZU+EumvpHKcYjujKH7woYyLj2sUmff0tRhrqM7BohUw7Pz3ZB1jj2gW9Fvmg==",
      "dev": true,
      "license": "MIT"
    }
  }
}
